# This file is autogenerated, do not edit; changes may be undone by the next 'dep ensure'.


[[projects]]
  name = "github.com/ChimeraCoder/anaconda"
  packages = ["."]
  revision = "9c68684170b980d5b4c2ed08fae9b530e659904d"
  version = "v2.0.0"

[[projects]]
  branch = "master"
  name = "github.com/ChimeraCoder/tokenbucket"
  packages = ["."]
  revision = "c5a927568de7aad8a58127d80bcd36ca4e71e454"

[[projects]]
  name = "github.com/aws/aws-lambda-go"
  packages = [
    "events",
    "lambda",
    "lambda/messages",
    "lambdacontext"
  ]
  revision = "4d30d0ff60440c2d0480a15747c96ee71c3c53d4"
  version = "v1.2.0"

[[projects]]
  branch = "master"
  name = "github.com/azr/backoff"
  packages = ["."]
  revision = "53511d3c733003985b0b76f733df1f4d0095ee6a"

[[projects]]
  branch = "master"
  name = "github.com/dustin/go-jsonpointer"
  packages = ["."]
  revision = "ba0abeacc3dcca5b9b20f31509c46794edbc9965"

[[projects]]
  branch = "master"
  name = "github.com/dustin/gojson"
  packages = ["."]
  revision = "2e71ec9dd5adce3b168cd0dbde03b5cc04951c30"

[[projects]]
  branch = "master"
  name = "github.com/garyburd/go-oauth"
  packages = ["oauth"]
  revision = "bca2e7f09a178fd36b034107a00e2323bca6a82e"

[[projects]]
  name = "github.com/pkg/errors"
  packages = ["."]
  revision = "645ef00459ed84a119197bfb8d8205042c6df63d"
  version = "v0.8.0"

[[projects]]
  branch = "master"
  name = "golang.org/x/net"
  packages = ["context"]
  revision = "dfa909b99c79129e1100513e5cd36307665e5723"

[solve-meta]
  analyzer-name = "dep"
  analyzer-version = 1
  inputs-digest = "68fa41ead57afd8ce212dbd00314f514c5bb8977b32c9f2dc3c5d8d6152bf55a"
  solver-name = "gps-cdcl"
  solver-version = 1
